
Microsoft Visual Studio Solution File, Format Version 12.00
# Visual Studio Version 17
VisualStudioVersion = 17.7.34003.232
MinimumVisualStudioVersion = 10.0.40219.1
Project("{FAE04EC0-301F-11D3-BF4B-00C04F79EFBC}") = "Integrating-Related-Data", "Integrating-Related-Data.csproj", "{34D522C4-C878-4B22-9B84-C69C20ABD909}"
EndProject
Global
	GlobalSection(SolutionConfigurationPlatforms) = preSolution
		Debug|Any CPU = Debug|Any CPU
		Release|Any CPU = Release|Any CPU
	EndGlobalSection
	GlobalSection(ProjectConfigurationPlatforms) = postSolution
		{34D522C4-C878-4B22-9B84-C69C20ABD909}.Debug|Any CPU.ActiveCfg = Debug|Any CPU
		{34D522C4-C878-4B22-9B84-C69C20ABD909}.Debug|Any CPU.Build.0 = Debug|Any CPU
		{34D522C4-C878-4B22-9B84-C69C20ABD909}.Release|Any CPU.ActiveCfg = Release|Any CPU
		{34D522C4-C878-4B22-9B84-C69C20ABD909}.Release|Any CPU.Build.0 = Release|Any CPU
	EndGlobalSection
	GlobalSection(SolutionProperties) = preSolution
		HideSolutionNode = FALSE
	EndGlobalSection
	GlobalSection(ExtensibilityGlobals) = postSolution
		SolutionGuid = {FA628950-E0BD-440A-9CBA-BBA86B17D0E0}
	EndGlobalSection
EndGlobal
